
Microsoft Visual Studio Solution File, Format Version 12.00
# Visual Studio 15
Project("{FAE04EC0-301F-11D3-BF4B-00C04F79EFBC}") = "Event_Practice.Plugins", "Event_Practice.Plugins.csproj", "{CF250CE0-DF20-2BE5-4AE2-8D6AF57D3E1B}"
EndProject
Project("{FAE04EC0-301F-11D3-BF4B-00C04F79EFBC}") = "Event_Practice", "Event_Practice.csproj", "{279C7E3A-413B-CA11-0D32-474B40114E25}"
EndProject
Project("{FAE04EC0-301F-11D3-BF4B-00C04F79EFBC}") = "Event_Practice.Editor.Plugins", "Event_Practice.Editor.Plugins.csproj", "{B53EA885-9ED3-777E-5767-EA91565EFAE7}"
EndProject
Global
	GlobalSection(SolutionConfigurationPlatforms) = preSolution
		Debug|Any CPU = Debug|Any CPU
		Release|Any CPU = Release|Any CPU
	EndGlobalSection
	GlobalSection(ProjectConfigurationPlatforms) = postSolution
		{CF250CE0-DF20-2BE5-4AE2-8D6AF57D3E1B}.Debug|Any CPU.ActiveCfg = Debug|Any CPU
		{CF250CE0-DF20-2BE5-4AE2-8D6AF57D3E1B}.Debug|Any CPU.Build.0 = Debug|Any CPU
		{CF250CE0-DF20-2BE5-4AE2-8D6AF57D3E1B}.Release|Any CPU.ActiveCfg = Release|Any CPU
		{CF250CE0-DF20-2BE5-4AE2-8D6AF57D3E1B}.Release|Any CPU.Build.0 = Release|Any CPU
		{279C7E3A-413B-CA11-0D32-474B40114E25}.Debug|Any CPU.ActiveCfg = Debug|Any CPU
		{279C7E3A-413B-CA11-0D32-474B40114E25}.Debug|Any CPU.Build.0 = Debug|Any CPU
		{279C7E3A-413B-CA11-0D32-474B40114E25}.Release|Any CPU.ActiveCfg = Release|Any CPU
		{279C7E3A-413B-CA11-0D32-474B40114E25}.Release|Any CPU.Build.0 = Release|Any CPU
		{B53EA885-9ED3-777E-5767-EA91565EFAE7}.Debug|Any CPU.ActiveCfg = Debug|Any CPU
		{B53EA885-9ED3-777E-5767-EA91565EFAE7}.Debug|Any CPU.Build.0 = Debug|Any CPU
		{B53EA885-9ED3-777E-5767-EA91565EFAE7}.Release|Any CPU.ActiveCfg = Release|Any CPU
		{B53EA885-9ED3-777E-5767-EA91565EFAE7}.Release|Any CPU.Build.0 = Release|Any CPU
	EndGlobalSection
	GlobalSection(SolutionProperties) = preSolution
		HideSolutionNode = FALSE
	EndGlobalSection
EndGlobal
